// !$*UTF8*$!
{
	archiveVersion = 1;
	classes = {
	};
	objectVersion = 46;
	objects = {

/* Begin PBXBuildFile section */
		C1B727071DD5700600F999E6 /* AppDelegate.swift in Sources */ = {isa = PBXBuildFile; fileRef = C1B727061DD5700600F999E6 /* AppDelegate.swift */; };
		C1B7270C1DD5700600F999E6 /* Main.storyboard in Resources */ = {isa = PBXBuildFile; fileRef = C1B7270A1DD5700600F999E6 /* Main.storyboard */; };
		C1B7270E1DD5700600F999E6 /* Assets.xcassets in Resources */ = {isa = PBXBuildFile; fileRef = C1B7270D1DD5700600F999E6 /* Assets.xcassets */; };
		C1B727111DD5700600F999E6 /* LaunchScreen.storyboard in Resources */ = {isa = PBXBuildFile; fileRef = C1B7270F1DD5700600F999E6 /* LaunchScreen.storyboard */; };
		C1B727191DD5730900F999E6 /* CardsViewController.swift in Sources */ = {isa = PBXBuildFile; fileRef = C1B727181DD5730900F999E6 /* CardsViewController.swift */; };
		C1B7271D1DD575DA00F999E6 /* CustomDraggableView.swift in Sources */ = {isa = PBXBuildFile; fileRef = C1B7271C1DD575DA00F999E6 /* CustomDraggableView.swift */; };
		C1B727211DD5862500F999E6 /* ProfileViewController.swift in Sources */ = {isa = PBXBuildFile; fileRef = C1B727201DD5862500F999E6 /* ProfileViewController.swift */; };
/* End PBXBuildFile section */

/* Begin PBXFileReference section */
		C1B727031DD5700600F999E6 /* Tinder.app */ = {isa = PBXFileReference; explicitFileType = wrapper.application; includeInIndex = 0; path = Tinder.app; sourceTree = BUILT_PRODUCTS_DIR; };
		C1B727061DD5700600F999E6 /* AppDelegate.swift */ = {isa = PBXFileReference; lastKnownFileType = sourcecode.swift; path = AppDelegate.swift; sourceTree = "<group>"; };
		C1B7270B1DD5700600F999E6 /* Base */ = {isa = PBXFileReference; lastKnownFileType = file.storyboard; name = Base; path = Base.lproj/Main.storyboard; sourceTree = "<group>"; };
		C1B7270D1DD5700600F999E6 /* Assets.xcassets */ = {isa = PBXFileReference; lastKnownFileType = folder.assetcatalog; path = Assets.xcassets; sourceTree = "<group>"; };
		C1B727101DD5700600F999E6 /* Base */ = {isa = PBXFileReference; lastKnownFileType = file.storyboard; name = Base; path = Base.lproj/LaunchScreen.storyboard; sourceTree = "<group>"; };
		C1B727121DD5700600F999E6 /* Info.plist */ = {isa = PBXFileReference; lastKnownFileType = text.plist.xml; path = Info.plist; sourceTree = "<group>"; };
		C1B727181DD5730900F999E6 /* CardsViewController.swift */ = {isa = PBXFileReference; fileEncoding = 4; lastKnownFileType = sourcecode.swift; name = CardsViewController.swift; path = ../CardsViewController.swift; sourceTree = "<group>"; };
		C1B7271C1DD575DA00F999E6 /* CustomDraggableView.swift */ = {isa = PBXFileReference; fileEncoding = 4; lastKnownFileType = sourcecode.swift; name = CustomDraggableView.swift; path = ../CustomDraggableView.swift; sourceTree = "<group>"; };
		C1B727201DD5862500F999E6 /* ProfileViewController.swift */ = {isa = PBXFileReference; fileEncoding = 4; lastKnownFileType = sourcecode.swift; path = ProfileViewController.swift; sourceTree = "<group>"; };
/* End PBXFileReference section */

/* Begin PBXFrameworksBuildPhase section */
		C1B727001DD5700600F999E6 /* Frameworks */ = {
			isa = PBXFrameworksBuildPhase;
			buildActionMask = 2147483647;
			files = (
			);
			runOnlyForDeploymentPostprocessing = 0;
		};
/* End PBXFrameworksBuildPhase section */

/* Begin PBXGroup section */
		C1B726FA1DD5700600F999E6 = {
			isa = PBXGroup;
			children = (
				C1B727051DD5700600F999E6 /* Tinder */,
				C1B727041DD5700600F999E6 /* Products */,
			);
			sourceTree = "<group>";
		};
		C1B727041DD5700600F999E6 /* Products */ = {
			isa = PBXGroup;
			children = (
				C1B727031DD5700600F999E6 /* Tinder.app */,
			);
			name = Products;
			sourceTree = "<group>";
		};
		C1B727051DD5700600F999E6 /* Tinder */ = {
			isa = PBXGroup;
			children = (
				C1B7271C1DD575DA00F999E6 /* CustomDraggableView.swift */,
				C1B727201DD5862500F999E6 /* ProfileViewController.swift */,
				C1B727181DD5730900F999E6 /* CardsViewController.swift */,
				C1B727061DD5700600F999E6 /* AppDelegate.swift */,
				C1B7270A1DD5700600F999E6 /* Main.storyboard */,
				C1B7270D1DD5700600F999E6 /* Assets.xcassets */,
				C1B7270F1DD5700600F999E6 /* LaunchScreen.storyboard */,
				C1B727121DD5700600F999E6 /* Info.plist */,
			);
			path = Tinder;
			sourceTree = "<group>";
		};
/* End PBXGroup section */

/* Begin PBXNativeTarget section */
		C1B727021DD5700600F999E6 /* Tinder */ = {
			isa = PBXNativeTarget;
			buildConfigurationList = C1B727151DD5700600F999E6 /* Build configuration list for PBXNativeTarget "Tinder" */;
			buildPhases = (
				C1B726FF1DD5700600F999E6 /* Sources */,
				C1B727001DD5700600F999E6 /* Frameworks */,
				C1B727011DD5700600F999E6 /* Resources */,
			);
			buildRules = (
			);
			dependencies = (
			);
			name = Tinder;
			productName = Tinder;
			productReference = C1B727031DD5700600F999E6 /* Tinder.app */;
			productType = "com.apple.product-type.application";
		};
/* End PBXNativeTarget section */

/* Begin PBXProject section */
		C1B726FB1DD5700600F999E6 /* Project object */ = {
			isa = PBXProject;
			attributes = {
				LastSwiftUpdateCheck = 0810;
				LastUpgradeCheck = 0810;
				ORGANIZATIONNAME = "Claudiu Andrei";
				TargetAttributes = {
					C1B727021DD5700600F999E6 = {
						CreatedOnToolsVersion = 8.1;
						ProvisioningStyle = Automatic;
					};
				};
			};
			buildConfigurationList = C1B726FE1DD5700600F999E6 /* Build configuration list for PBXProject "Tinder" */;
			compatibilityVersion = "Xcode 3.2";
			developmentRegion = English;
			hasScannedForEncodings = 0;
			knownRegions = (
				en,
				Base,
			);
			mainGroup = C1B726FA1DD5700600F999E6;
			productRefGroup = C1B727041DD5700600F999E6 /* Products */;
			projectDirPath = "";
			projectRoot = "";
			targets = (
				C1B727021DD5700600F999E6 /* Tinder */,
			);
		};
/* End PBXProject section */

/* Begin PBXResourcesBuildPhase section */
		C1B727011DD5700600F999E6 /* Resources */ = {
			isa = PBXResourcesBuildPhase;
			buildActionMask = 2147483647;
			files = (
				C1B727111DD5700600F999E6 /* LaunchScreen.storyboard in Resources */,
				C1B7270E1DD5700600F999E6 /* Assets.xcassets in Resources */,
				C1B7270C1DD5700600F999E6 /* Main.storyboard in Resources */,
			);
			runOnlyForDeploymentPostprocessing = 0;
		};
/* End PBXResourcesBuildPhase section */

/* Begin PBXSourcesBuildPhase section */
		C1B726FF1DD5700600F999E6 /* Sources */ = {
			isa = PBXSourcesBuildPhase;
			buildActionMask = 2147483647;
			files = (
				C1B7271D1DD575DA00F999E6 /* CustomDraggableView.swift in Sources */,
				C1B727191DD5730900F999E6 /* CardsViewController.swift in Sources */,
				C1B727211DD5862500F999E6 /* ProfileViewController.swift in Sources */,
				C1B727071DD5700600F999E6 /* AppDelegate.swift in Sources */,
			);
			runOnlyForDeploymentPostprocessing = 0;
		};
/* End PBXSourcesBuildPhase section */

/* Begin PBXVariantGroup section */
		C1B7270A1DD5700600F999E6 /* Main.storyboard */ = {
			isa = PBXVariantGroup;
			children = (
				C1B7270B1DD5700600F999E6 /* Base */,
			);
			name = Main.storyboard;
			sourceTree = "<group>";
		};
		C1B7270F1DD5700600F999E6 /* LaunchScreen.storyboard */ = {
			isa = PBXVariantGroup;
			children = (
				C1B727101DD5700600F999E6 /* Base */,
			);
			name = LaunchScreen.storyboard;
			sourceTree = "<group>";
		};
/* End PBXVariantGroup section */

/* Begin XCBuildConfiguration section */
		C1B727131DD5700600F999E6 /* Debug */ = {
			isa = XCBuildConfiguration;
			buildSettings = {
				ALWAYS_SEARCH_USER_PATHS = NO;
				CLANG_ANALYZER_NONNULL = YES;
				CLANG_CXX_LANGUAGE_STANDARD = "gnu++0x";
				CLANG_CXX_LIBRARY = "libc++";
				CLANG_ENABLE_MODULES = YES;
				CLANG_ENABLE_OBJC_ARC = YES;
				CLANG_WARN_BOOL_CONVERSION = YES;
				CLANG_WARN_CONSTANT_CONVERSION = YES;
				CLANG_WARN_DIRECT_OBJC_ISA_USAGE = YES_ERROR;
				CLANG_WARN_DOCUMENTATION_COMMENTS = YES;
				CLANG_WARN_EMPTY_BODY = YES;
				CLANG_WARN_ENUM_CONVERSION = YES;
				CLANG_WARN_INFINITE_RECURSION = YES;
				CLANG_WARN_INT_CONVERSION = YES;
				CLANG_WARN_OBJC_ROOT_CLASS = YES_ERROR;
				CLANG_WARN_SUSPICIOUS_MOVES = YES;
				CLANG_WARN_UNREACHABLE_CODE = YES;
				CLANG_WARN__DUPLICATE_METHOD_MATCH = YES;
				"CODE_SIGN_IDENTITY[sdk=iphoneos*]" = "iPhone Developer";
				COPY_PHASE_STRIP = NO;
				DEBUG_INFORMATION_FORMAT = dwarf;
				ENABLE_STRICT_OBJC_MSGSEND = YES;
				ENABLE_TESTABILITY = YES;
				GCC_C_LANGUAGE_STANDARD = gnu99;
				GCC_DYNAMIC_NO_PIC = NO;
				GCC_NO_COMMON_BLOCKS = YES;
				GCC_OPTIMIZATION_LEVEL = 0;
				GCC_PREPROCESSOR_DEFINITIONS = (
					"DEBUG=1",
					"$(inherited)",
				);
				GCC_WARN_64_TO_32_BIT_CONVERSION = YES;
				GCC_WARN_ABOUT_RETURN_TYPE = YES_ERROR;
				GCC_WARN_UNDECLARED_SELECTOR = YES;
				GCC_WARN_UNINITIALIZED_AUTOS = YES_AGGRESSIVE;
				GCC_WARN_UNUSED_FUNCTION = YES;
				GCC_WARN_UNUSED_VARIABLE = YES;
				IPHONEOS_DEPLOYMENT_TARGET = 10.1;
				MTL_ENABLE_DEBUG_INFO = YES;
				ONLY_ACTIVE_ARCH = YES;
				SDKROOT = iphoneos;
				SWIFT_ACTIVE_COMPILATION_CONDITIONS = DEBUG;
				SWIFT_OPTIMIZATION_LEVEL = "-Onone";
				TARGETED_DEVICE_FAMILY = "1,2";
			};
			name = Debug;
		};
		C1B727141DD5700600F999E6 /* Release */ = {
			isa = XCBuildConfiguration;
			buildSettings = {
				ALWAYS_SEARCH_USER_PATHS = NO;
				CLANG_ANALYZER_NONNULL = YES;
				CLANG_CXX_LANGUAGE_STANDARD = "gnu++0x";
				CLANG_CXX_LIBRARY = "libc++";
				CLANG_ENABLE_MODULES = YES;
				CLANG_ENABLE_OBJC_ARC = YES;
				CLANG_WARN_BOOL_CONVERSION = YES;
				CLANG_WARN_CONSTANT_CONVERSION = YES;
				CLANG_WARN_DIRECT_OBJC_ISA_USAGE = YES_ERROR;
				CLANG_WARN_DOCUMENTATION_COMMENTS = YES;
				CLANG_WARN_EMPTY_BODY = YES;
				CLANG_WARN_ENUM_CONVERSION = YES;
				CLANG_WARN_INFINITE_RECURSION = YES;
				CLANG_WARN_INT_CONVERSION = YES;
				CLANG_WARN_OBJC_ROOT_CLASS = YES_ERROR;
				CLANG_WARN_SUSPICIOUS_MOVES = YES;
				CLANG_WARN_UNREACHABLE_CODE = YES;
				CLANG_WARN__DUPLICATE_METHOD_MATCH = YES;
				"CODE_SIGN_IDENTITY[sdk=iphoneos*]" = "iPhone Developer";
				COPY_PHASE_STRIP = NO;
				DEBUG_INFORMATION_FORMAT = "dwarf-with-dsym";
				ENABLE_NS_ASSERTIONS = NO;
				ENABLE_STRICT_OBJC_MSGSEND = YES;
				GCC_C_LANGUAGE_STANDARD = gnu99;
				GCC_NO_COMMON_BLOCKS = YES;
				GCC_WARN_64_TO_32_BIT_CONVERSION = YES;
				GCC_WARN_ABOUT_RETURN_TYPE = YES_ERROR;
				GCC_WARN_UNDECLARED_SELECTOR = YES;
				GCC_WARN_UNINITIALIZED_AUTOS = YES_AGGRESSIVE;
				GCC_WARN_UNUSED_FUNCTION = YES;
				GCC_WARN_UNUSED_VARIABLE = YES;
				IPHONEOS_DEPLOYMENT_TARGET = 10.1;
				MTL_ENABLE_DEBUG_INFO = NO;
				SDKROOT = iphoneos;
				SWIFT_OPTIMIZATION_LEVEL = "-Owholemodule";
				TARGETED_DEVICE_FAMILY = "1,2";
				VALIDATE_PRODUCT = YES;
			};
			name = Release;
		};
		C1B727161DD5700600F999E6 /* Debug */ = {
			isa = XCBuildConfiguration;
			buildSettings = {
				ASSETCATALOG_COMPILER_APPICON_NAME = AppIcon;
				INFOPLIST_FILE = Tinder/Info.plist;
				LD_RUNPATH_SEARCH_PATHS = "$(inherited) @executable_path/Frameworks";
				PRODUCT_BUNDLE_IDENTIFIER = com.claudiuandrei.Tinder;
				PRODUCT_NAME = "$(TARGET_NAME)";
				SWIFT_VERSION = 3.0;
			};
			name = Debug;
		};
		C1B727171DD5700600F999E6 /* Release */ = {
			isa = XCBuildConfiguration;
			buildSettings = {
				ASSETCATALOG_COMPILER_APPICON_NAME = AppIcon;
				INFOPLIST_FILE = Tinder/Info.plist;
				LD_RUNPATH_SEARCH_PATHS = "$(inherited) @executable_path/Frameworks";
				PRODUCT_BUNDLE_IDENTIFIER = com.claudiuandrei.Tinder;
				PRODUCT_NAME = "$(TARGET_NAME)";
				SWIFT_VERSION = 3.0;
			};
			name = Release;
		};
/* End XCBuildConfiguration section */

/* Begin XCConfigurationList section */
		C1B726FE1DD5700600F999E6 /* Build configuration list for PBXProject "Tinder" */ = {
			isa = XCConfigurationList;
			buildConfigurations = (
				C1B727131DD5700600F999E6 /* Debug */,
				C1B727141DD5700600F999E6 /* Release */,
			);
			defaultConfigurationIsVisible = 0;
			defaultConfigurationName = Release;
		};
		C1B727151DD5700600F999E6 /* Build configuration list for PBXNativeTarget "Tinder" */ = {
			isa = XCConfigurationList;
			buildConfigurations = (
				C1B727161DD5700600F999E6 /* Debug */,
				C1B727171DD5700600F999E6 /* Release */,
			);
			defaultConfigurationIsVisible = 0;
		};
/* End XCConfigurationList section */
	};
	rootObject = C1B726FB1DD5700600F999E6 /* Project object */;
}
